
Microsoft Visual Studio Solution File, Format Version 12.00
# Visual Studio Version 17
VisualStudioVersion = 17.5.33530.505
MinimumVisualStudioVersion = 10.0.40219.1
Project("{FAE04EC0-301F-11D3-BF4B-00C04F79EFBC}") = "FirstPhoneShop", "FirstPhoneShop\FirstPhoneShop.csproj", "{19567A0B-2E71-4788-A584-8BC2EC902C45}"
EndProject
Global
	GlobalSection(SolutionConfigurationPlatforms) = preSolution
		Debug|Any CPU = Debug|Any CPU
		Release|Any CPU = Release|Any CPU
	EndGlobalSection
	GlobalSection(ProjectConfigurationPlatforms) = postSolution
		{19567A0B-2E71-4788-A584-8BC2EC902C45}.Debug|Any CPU.ActiveCfg = Debug|Any CPU
		{19567A0B-2E71-4788-A584-8BC2EC902C45}.Debug|Any CPU.Build.0 = Debug|Any CPU
		{19567A0B-2E71-4788-A584-8BC2EC902C45}.Release|Any CPU.ActiveCfg = Release|Any CPU
		{19567A0B-2E71-4788-A584-8BC2EC902C45}.Release|Any CPU.Build.0 = Release|Any CPU
	EndGlobalSection
	GlobalSection(SolutionProperties) = preSolution
		HideSolutionNode = FALSE
	EndGlobalSection
	GlobalSection(ExtensibilityGlobals) = postSolution
		SolutionGuid = {03A0E770-A688-4536-BD99-5EE3F2ACE68E}
	EndGlobalSection
EndGlobal
